{
  "name": "main.polyfill.core",
  "version": "2.0.0",
  "lockfileVersion": 1,
  "requires": true,
  "dependencies": {
    "browserslist": {
      "version": "4.21.9",
      "resolved": "https://registry.npmjs.org/browserslist/-/browserslist-4.21.9.tgz",
      "integrity": "sha512-M0MFoZzbUrRU4KNfCrDLnvyE7gub+peetoTid3TBIqtunaDJyXlwhakT+/VkvSXcfIzFfK/nkCs4nmyTmxdNSg==",
      "requires": {
        "caniuse-lite": "^1.0.30001503",
        "electron-to-chromium": "^1.4.431",
        "node-releases": "^2.0.12",
        "update-browserslist-db": "^1.0.11"
      }
    },
    "caniuse-lite": {
      "version": "1.0.30001509",
      "resolved": "https://registry.npmjs.org/caniuse-lite/-/caniuse-lite-1.0.30001509.tgz",
      "integrity": "sha512-2uDDk+TRiTX5hMcUYT/7CSyzMZxjfGu0vAUjS2g0LSD8UoXOv0LtpH4LxGMemsiPq6LCVIUjNwVM0erkOkGCDA=="
    },
    "core-js": {
      "version": "3.19.2",
      "resolved": "https://registry.npmjs.org/core-js/-/core-js-3.19.2.tgz",
      "integrity": "sha512-ciYCResnLIATSsXuXnIOH4CbdfgV+H1Ltg16hJFN7/v6OxqnFr/IFGeLacaZ+fHLAm0TBbXwNK9/DNBzBUrO/g=="
    },
    "core-js-compat": {
      "version": "3.31.0",
      "resolved": "https://registry.npmjs.org/core-js-compat/-/core-js-compat-3.31.0.tgz",
      "integrity": "sha512-hM7YCu1cU6Opx7MXNu0NuumM0ezNeAeRKadixyiQELWY3vT3De9S4J5ZBMraWV2vZnrE1Cirl0GtFtDtMUXzPw==",
      "requires": {
        "browserslist": "^4.21.5"
      }
    },
    "electron-to-chromium": {
      "version": "1.4.442",
      "resolved": "https://registry.npmjs.org/electron-to-chromium/-/electron-to-chromium-1.4.442.tgz",
      "integrity": "sha512-RkrZF//Ya+0aJq2NM3OdisNh5ZodZq1rdXOS96G8DdDgpDKqKE81yTbbQ3F/4CKm1JBPsGu1Lp/akkna2xO06Q=="
    },
    "escalade": {
      "version": "3.1.1",
      "resolved": "https://registry.npmjs.org/escalade/-/escalade-3.1.1.tgz",
      "integrity": "sha512-k0er2gUkLf8O0zKJiAhmkTnJlTvINGv7ygDNPbeIsX/TJjGJZHuh9B2UxbsaEkmlEo9MfhrSzmhIlhRlI2GXnw=="
    },
    "node-releases": {
      "version": "2.0.12",
      "resolved": "https://registry.npmjs.org/node-releases/-/node-releases-2.0.12.tgz",
      "integrity": "sha512-QzsYKWhXTWx8h1kIvqfnC++o0pEmpRQA/aenALsL2F4pqNVr7YzcdMlDij5WBnwftRbJCNJL/O7zdKaxKPHqgQ=="
    },
    "picocolors": {
      "version": "1.0.0",
      "resolved": "https://registry.npmjs.org/picocolors/-/picocolors-1.0.0.tgz",
      "integrity": "sha512-1fygroTLlHu66zi26VoTDv8yRgm0Fccecssto+MhsZ0D/DGW2sm8E8AjW7NU5VVTRt5GxbeZ5qBuJr+HyLYkjQ=="
    },
    "update-browserslist-db": {
      "version": "1.0.11",
      "resolved": "https://registry.npmjs.org/update-browserslist-db/-/update-browserslist-db-1.0.11.tgz",
      "integrity": "sha512-dCwEFf0/oT85M1fHBg4F0jtLwJrutGoHSQXCh7u4o2t1drG+c0a9Flnqww6XUKSfQMPpJBRjU8d4RXB09qtvaA==",
      "requires": {
        "escalade": "^3.1.1",
        "picocolors": "^1.0.0"
      }
    }
  }
}
