{
  "name": "main.polyfill.core",
  "version": "1.0.0",
  "lockfileVersion": 1,
  "requires": true,
  "dependencies": {
    "core-js": {
      "version": "2.6.3",
      "resolved": "https://registry.npmjs.org/core-js/-/core-js-2.6.3.tgz",
      "integrity": "sha512-l00tmFFZOBHtYhN4Cz7k32VM7vTn3rE2ANjQDxdEN6zmXZ/xq1jQuutnmHvMG1ZJ7xd72+TA5YpUK8wz3rWsfQ=="
    },
    "regenerator-runtime": {
      "version": "0.13.1",
      "resolved": "https://registry.npmjs.org/regenerator-runtime/-/regenerator-runtime-0.13.1.tgz",
      "integrity": "sha512-5KzMIyPLvfdPmvsdlYsHqITrDfK9k7bmvf97HvHSN4810i254ponbxCQ1NukpRWlu6en2MBWzAlhDExEKISwAA=="
    }
  }
}
